// !$*UTF8*$!
{
	archiveVersion = 1;
	classes = {
	};
	objectVersion = 46;
	objects = {

/* Begin PBXBuildFile section */
		2A259CD71DD422CE006A309A /* matchingChallengeViewController.swift in Sources */ = {isa = PBXBuildFile; fileRef = 2A259CD61DD422CE006A309A /* matchingChallengeViewController.swift */; };
		2A259CD91DD561A0006A309A /* FreeSelectViewController.swift in Sources */ = {isa = PBXBuildFile; fileRef = 2A259CD81DD561A0006A309A /* FreeSelectViewController.swift */; };
		2A259CDB1DD57CCB006A309A /* MainContentViewController.swift in Sources */ = {isa = PBXBuildFile; fileRef = 2A259CDA1DD57CCB006A309A /* MainContentViewController.swift */; };
		2A259CDD1DD58DA4006A309A /* FillInBlankWithGraphicViewController.swift in Sources */ = {isa = PBXBuildFile; fileRef = 2A259CDC1DD58DA4006A309A /* FillInBlankWithGraphicViewController.swift */; };
		2A259CDF1DD58DE3006A309A /* SelectAllTrueViewController.swift in Sources */ = {isa = PBXBuildFile; fileRef = 2A259CDE1DD58DE3006A309A /* SelectAllTrueViewController.swift */; };
		2A259CE31DD58E3C006A309A /* FillInBlankViewController.swift in Sources */ = {isa = PBXBuildFile; fileRef = 2A259CE21DD58E3C006A309A /* FillInBlankViewController.swift */; };
		2A3B14D01DEE7B0D0083B342 /* selectImagesViewController.swift in Sources */ = {isa = PBXBuildFile; fileRef = 2A3B14CF1DEE7B0D0083B342 /* selectImagesViewController.swift */; };
		2A5997131DC839EE0087E74F /* ChallengeViewController.swift in Sources */ = {isa = PBXBuildFile; fileRef = 2A5997121DC839EE0087E74F /* ChallengeViewController.swift */; };
		2A5997151DCC36A00087E74F /* resultsViewController.swift in Sources */ = {isa = PBXBuildFile; fileRef = 2A5997141DCC36A00087E74F /* resultsViewController.swift */; };
		2AC713E41DBF08D800756E2B /* AppDelegate.swift in Sources */ = {isa = PBXBuildFile; fileRef = 2AC713E31DBF08D800756E2B /* AppDelegate.swift */; };
		2AC713E91DBF08D800756E2B /* Main.storyboard in Resources */ = {isa = PBXBuildFile; fileRef = 2AC713E71DBF08D800756E2B /* Main.storyboard */; };
		2AC713EB1DBF08D800756E2B /* Assets.xcassets in Resources */ = {isa = PBXBuildFile; fileRef = 2AC713EA1DBF08D800756E2B /* Assets.xcassets */; };
		2AC713F81DC0261E00756E2B /* LoadPageViewController.swift in Sources */ = {isa = PBXBuildFile; fileRef = 2AC713F71DC0261E00756E2B /* LoadPageViewController.swift */; };
		2AC713FE1DC6536D00756E2B /* AgeSelectionViewController.swift in Sources */ = {isa = PBXBuildFile; fileRef = 2AC713FD1DC6536D00756E2B /* AgeSelectionViewController.swift */; };
		2AC714001DC672F900756E2B /* HowToPlayViewController.swift in Sources */ = {isa = PBXBuildFile; fileRef = 2AC713FF1DC672F900756E2B /* HowToPlayViewController.swift */; };
		2AC714021DC6C31F00756E2B /* MapViewController.swift in Sources */ = {isa = PBXBuildFile; fileRef = 2AC714011DC6C31F00756E2B /* MapViewController.swift */; };
		2AC714041DC6C4B300756E2B /* ExhibitFactsViewController.swift in Sources */ = {isa = PBXBuildFile; fileRef = 2AC714031DC6C4B300756E2B /* ExhibitFactsViewController.swift */; };
		2AC73C0A1DF5364B003DFFEF /* Moon Flower Bold.ttf in Resources */ = {isa = PBXBuildFile; fileRef = 2AC73C081DF5364B003DFFEF /* Moon Flower Bold.ttf */; };
		2AC73C0B1DF5364B003DFFEF /* Moon Flower.ttf in Resources */ = {isa = PBXBuildFile; fileRef = 2AC73C091DF5364B003DFFEF /* Moon Flower.ttf */; };
		2AF02D5B1DE3DC050063F2B1 /* exhibits in Resources */ = {isa = PBXBuildFile; fileRef = 2AF02D5A1DE3DC050063F2B1 /* exhibits */; };
/* End PBXBuildFile section */

/* Begin PBXFileReference section */
		2A259CD61DD422CE006A309A /* matchingChallengeViewController.swift */ = {isa = PBXFileReference; fileEncoding = 4; lastKnownFileType = sourcecode.swift; path = matchingChallengeViewController.swift; sourceTree = "<group>"; };
		2A259CD81DD561A0006A309A /* FreeSelectViewController.swift */ = {isa = PBXFileReference; fileEncoding = 4; lastKnownFileType = sourcecode.swift; path = FreeSelectViewController.swift; sourceTree = "<group>"; };
		2A259CDA1DD57CCB006A309A /* MainContentViewController.swift */ = {isa = PBXFileReference; fileEncoding = 4; lastKnownFileType = sourcecode.swift; path = MainContentViewController.swift; sourceTree = "<group>"; };
		2A259CDC1DD58DA4006A309A /* FillInBlankWithGraphicViewController.swift */ = {isa = PBXFileReference; fileEncoding = 4; lastKnownFileType = sourcecode.swift; path = FillInBlankWithGraphicViewController.swift; sourceTree = "<group>"; };
		2A259CDE1DD58DE3006A309A /* SelectAllTrueViewController.swift */ = {isa = PBXFileReference; fileEncoding = 4; lastKnownFileType = sourcecode.swift; path = SelectAllTrueViewController.swift; sourceTree = "<group>"; };
		2A259CE21DD58E3C006A309A /* FillInBlankViewController.swift */ = {isa = PBXFileReference; fileEncoding = 4; lastKnownFileType = sourcecode.swift; path = FillInBlankViewController.swift; sourceTree = "<group>"; };
		2A3B14CF1DEE7B0D0083B342 /* selectImagesViewController.swift */ = {isa = PBXFileReference; fileEncoding = 4; lastKnownFileType = sourcecode.swift; path = selectImagesViewController.swift; sourceTree = "<group>"; };
		2A5997121DC839EE0087E74F /* ChallengeViewController.swift */ = {isa = PBXFileReference; fileEncoding = 4; lastKnownFileType = sourcecode.swift; path = ChallengeViewController.swift; sourceTree = "<group>"; };
		2A5997141DCC36A00087E74F /* resultsViewController.swift */ = {isa = PBXFileReference; fileEncoding = 4; lastKnownFileType = sourcecode.swift; path = resultsViewController.swift; sourceTree = "<group>"; };
		2AC713E01DBF08D800756E2B /* TropicsTrail.app */ = {isa = PBXFileReference; explicitFileType = wrapper.application; includeInIndex = 0; path = TropicsTrail.app; sourceTree = BUILT_PRODUCTS_DIR; };
		2AC713E31DBF08D800756E2B /* AppDelegate.swift */ = {isa = PBXFileReference; lastKnownFileType = sourcecode.swift; path = AppDelegate.swift; sourceTree = "<group>"; };
		2AC713E81DBF08D800756E2B /* Base */ = {isa = PBXFileReference; lastKnownFileType = file.storyboard; name = Base; path = Base.lproj/Main.storyboard; sourceTree = "<group>"; };
		2AC713EA1DBF08D800756E2B /* Assets.xcassets */ = {isa = PBXFileReference; lastKnownFileType = folder.assetcatalog; path = Assets.xcassets; sourceTree = "<group>"; };
		2AC713EF1DBF08D800756E2B /* Info.plist */ = {isa = PBXFileReference; lastKnownFileType = text.plist.xml; path = Info.plist; sourceTree = "<group>"; };
		2AC713F71DC0261E00756E2B /* LoadPageViewController.swift */ = {isa = PBXFileReference; fileEncoding = 4; lastKnownFileType = sourcecode.swift; path = LoadPageViewController.swift; sourceTree = "<group>"; };
		2AC713FD1DC6536D00756E2B /* AgeSelectionViewController.swift */ = {isa = PBXFileReference; fileEncoding = 4; lastKnownFileType = sourcecode.swift; path = AgeSelectionViewController.swift; sourceTree = "<group>"; };
		2AC713FF1DC672F900756E2B /* HowToPlayViewController.swift */ = {isa = PBXFileReference; fileEncoding = 4; lastKnownFileType = sourcecode.swift; path = HowToPlayViewController.swift; sourceTree = "<group>"; };
		2AC714011DC6C31F00756E2B /* MapViewController.swift */ = {isa = PBXFileReference; fileEncoding = 4; lastKnownFileType = sourcecode.swift; path = MapViewController.swift; sourceTree = "<group>"; };
		2AC714031DC6C4B300756E2B /* ExhibitFactsViewController.swift */ = {isa = PBXFileReference; fileEncoding = 4; lastKnownFileType = sourcecode.swift; path = ExhibitFactsViewController.swift; sourceTree = "<group>"; };
		2AC73C081DF5364B003DFFEF /* Moon Flower Bold.ttf */ = {isa = PBXFileReference; lastKnownFileType = file; path = "Moon Flower Bold.ttf"; sourceTree = "<group>"; };
		2AC73C091DF5364B003DFFEF /* Moon Flower.ttf */ = {isa = PBXFileReference; lastKnownFileType = file; path = "Moon Flower.ttf"; sourceTree = "<group>"; };
		2AF02D5A1DE3DC050063F2B1 /* exhibits */ = {isa = PBXFileReference; lastKnownFileType = folder; path = exhibits; sourceTree = "<group>"; };
/* End PBXFileReference section */

/* Begin PBXFrameworksBuildPhase section */
		2AC713DD1DBF08D800756E2B /* Frameworks */ = {
			isa = PBXFrameworksBuildPhase;
			buildActionMask = 2147483647;
			files = (
			);
			runOnlyForDeploymentPostprocessing = 0;
		};
/* End PBXFrameworksBuildPhase section */

/* Begin PBXGroup section */
		2AC713D71DBF08D800756E2B = {
			isa = PBXGroup;
			children = (
				2AC713E21DBF08D800756E2B /* TropicsTrail */,
				2AC713E11DBF08D800756E2B /* Products */,
			);
			sourceTree = "<group>";
		};
		2AC713E11DBF08D800756E2B /* Products */ = {
			isa = PBXGroup;
			children = (
				2AC713E01DBF08D800756E2B /* TropicsTrail.app */,
			);
			name = Products;
			sourceTree = "<group>";
		};
		2AC713E21DBF08D800756E2B /* TropicsTrail */ = {
			isa = PBXGroup;
			children = (
				2AF02D5A1DE3DC050063F2B1 /* exhibits */,
				2AC713E31DBF08D800756E2B /* AppDelegate.swift */,
				2AC713E71DBF08D800756E2B /* Main.storyboard */,
				2AC713EA1DBF08D800756E2B /* Assets.xcassets */,
				2AC73C081DF5364B003DFFEF /* Moon Flower Bold.ttf */,
				2AC73C091DF5364B003DFFEF /* Moon Flower.ttf */,
				2AC713EF1DBF08D800756E2B /* Info.plist */,
				2AC713F71DC0261E00756E2B /* LoadPageViewController.swift */,
				2AC713FD1DC6536D00756E2B /* AgeSelectionViewController.swift */,
				2AC713FF1DC672F900756E2B /* HowToPlayViewController.swift */,
				2AC714011DC6C31F00756E2B /* MapViewController.swift */,
				2AC714031DC6C4B300756E2B /* ExhibitFactsViewController.swift */,
				2A5997121DC839EE0087E74F /* ChallengeViewController.swift */,
				2A5997141DCC36A00087E74F /* resultsViewController.swift */,
				2A259CD61DD422CE006A309A /* matchingChallengeViewController.swift */,
				2A259CD81DD561A0006A309A /* FreeSelectViewController.swift */,
				2A259CDA1DD57CCB006A309A /* MainContentViewController.swift */,
				2A259CDC1DD58DA4006A309A /* FillInBlankWithGraphicViewController.swift */,
				2A259CDE1DD58DE3006A309A /* SelectAllTrueViewController.swift */,
				2A259CE21DD58E3C006A309A /* FillInBlankViewController.swift */,
				2A3B14CF1DEE7B0D0083B342 /* selectImagesViewController.swift */,
			);
			path = TropicsTrail;
			sourceTree = "<group>";
		};
/* End PBXGroup section */

/* Begin PBXNativeTarget section */
		2AC713DF1DBF08D800756E2B /* TropicsTrail */ = {
			isa = PBXNativeTarget;
			buildConfigurationList = 2AC713F21DBF08D800756E2B /* Build configuration list for PBXNativeTarget "TropicsTrail" */;
			buildPhases = (
				2AC713DC1DBF08D800756E2B /* Sources */,
				2AC713DD1DBF08D800756E2B /* Frameworks */,
				2AC713DE1DBF08D800756E2B /* Resources */,
			);
			buildRules = (
			);
			dependencies = (
			);
			name = TropicsTrail;
			productName = TropicsTrail;
			productReference = 2AC713E01DBF08D800756E2B /* TropicsTrail.app */;
			productType = "com.apple.product-type.application";
		};
/* End PBXNativeTarget section */

/* Begin PBXProject section */
		2AC713D81DBF08D800756E2B /* Project object */ = {
			isa = PBXProject;
			attributes = {
				LastSwiftUpdateCheck = 0800;
				LastUpgradeCheck = 0800;
				ORGANIZATIONNAME = "Emily Carey";
				TargetAttributes = {
					2AC713DF1DBF08D800756E2B = {
						CreatedOnToolsVersion = 8.0;
						ProvisioningStyle = Automatic;
					};
				};
			};
			buildConfigurationList = 2AC713DB1DBF08D800756E2B /* Build configuration list for PBXProject "TropicsTrail" */;
			compatibilityVersion = "Xcode 3.2";
			developmentRegion = English;
			hasScannedForEncodings = 0;
			knownRegions = (
				en,
				Base,
			);
			mainGroup = 2AC713D71DBF08D800756E2B;
			productRefGroup = 2AC713E11DBF08D800756E2B /* Products */;
			projectDirPath = "";
			projectRoot = "";
			targets = (
				2AC713DF1DBF08D800756E2B /* TropicsTrail */,
			);
		};
/* End PBXProject section */

/* Begin PBXResourcesBuildPhase section */
		2AC713DE1DBF08D800756E2B /* Resources */ = {
			isa = PBXResourcesBuildPhase;
			buildActionMask = 2147483647;
			files = (
				2AC73C0B1DF5364B003DFFEF /* Moon Flower.ttf in Resources */,
				2AC73C0A1DF5364B003DFFEF /* Moon Flower Bold.ttf in Resources */,
				2AC713EB1DBF08D800756E2B /* Assets.xcassets in Resources */,
				2AF02D5B1DE3DC050063F2B1 /* exhibits in Resources */,
				2AC713E91DBF08D800756E2B /* Main.storyboard in Resources */,
			);
			runOnlyForDeploymentPostprocessing = 0;
		};
/* End PBXResourcesBuildPhase section */

/* Begin PBXSourcesBuildPhase section */
		2AC713DC1DBF08D800756E2B /* Sources */ = {
			isa = PBXSourcesBuildPhase;
			buildActionMask = 2147483647;
			files = (
				2A259CE31DD58E3C006A309A /* FillInBlankViewController.swift in Sources */,
				2A259CD91DD561A0006A309A /* FreeSelectViewController.swift in Sources */,
				2AC713E41DBF08D800756E2B /* AppDelegate.swift in Sources */,
				2A259CDB1DD57CCB006A309A /* MainContentViewController.swift in Sources */,
				2AC713FE1DC6536D00756E2B /* AgeSelectionViewController.swift in Sources */,
				2AC714001DC672F900756E2B /* HowToPlayViewController.swift in Sources */,
				2A259CD71DD422CE006A309A /* matchingChallengeViewController.swift in Sources */,
				2A3B14D01DEE7B0D0083B342 /* selectImagesViewController.swift in Sources */,
				2A259CDF1DD58DE3006A309A /* SelectAllTrueViewController.swift in Sources */,
				2AC714021DC6C31F00756E2B /* MapViewController.swift in Sources */,
				2A5997131DC839EE0087E74F /* ChallengeViewController.swift in Sources */,
				2A259CDD1DD58DA4006A309A /* FillInBlankWithGraphicViewController.swift in Sources */,
				2AC714041DC6C4B300756E2B /* ExhibitFactsViewController.swift in Sources */,
				2AC713F81DC0261E00756E2B /* LoadPageViewController.swift in Sources */,
				2A5997151DCC36A00087E74F /* resultsViewController.swift in Sources */,
			);
			runOnlyForDeploymentPostprocessing = 0;
		};
/* End PBXSourcesBuildPhase section */

/* Begin PBXVariantGroup section */
		2AC713E71DBF08D800756E2B /* Main.storyboard */ = {
			isa = PBXVariantGroup;
			children = (
				2AC713E81DBF08D800756E2B /* Base */,
			);
			name = Main.storyboard;
			sourceTree = "<group>";
		};
/* End PBXVariantGroup section */

/* Begin XCBuildConfiguration section */
		2AC713F01DBF08D800756E2B /* Debug */ = {
			isa = XCBuildConfiguration;
			buildSettings = {
				ALWAYS_SEARCH_USER_PATHS = NO;
				CLANG_ANALYZER_NONNULL = YES;
				CLANG_CXX_LANGUAGE_STANDARD = "gnu++0x";
				CLANG_CXX_LIBRARY = "libc++";
				CLANG_ENABLE_MODULES = YES;
				CLANG_ENABLE_OBJC_ARC = YES;
				CLANG_WARN_BOOL_CONVERSION = YES;
				CLANG_WARN_CONSTANT_CONVERSION = YES;
				CLANG_WARN_DIRECT_OBJC_ISA_USAGE = YES_ERROR;
				CLANG_WARN_DOCUMENTATION_COMMENTS = YES;
				CLANG_WARN_EMPTY_BODY = YES;
				CLANG_WARN_ENUM_CONVERSION = YES;
				CLANG_WARN_INFINITE_RECURSION = YES;
				CLANG_WARN_INT_CONVERSION = YES;
				CLANG_WARN_OBJC_ROOT_CLASS = YES_ERROR;
				CLANG_WARN_SUSPICIOUS_MOVES = YES;
				CLANG_WARN_UNREACHABLE_CODE = YES;
				CLANG_WARN__DUPLICATE_METHOD_MATCH = YES;
				"CODE_SIGN_IDENTITY[sdk=iphoneos*]" = "iPhone Developer";
				COPY_PHASE_STRIP = NO;
				DEBUG_INFORMATION_FORMAT = dwarf;
				ENABLE_STRICT_OBJC_MSGSEND = YES;
				ENABLE_TESTABILITY = YES;
				GCC_C_LANGUAGE_STANDARD = gnu99;
				GCC_DYNAMIC_NO_PIC = NO;
				GCC_NO_COMMON_BLOCKS = YES;
				GCC_OPTIMIZATION_LEVEL = 0;
				GCC_PREPROCESSOR_DEFINITIONS = (
					"DEBUG=1",
					"$(inherited)",
				);
				GCC_WARN_64_TO_32_BIT_CONVERSION = YES;
				GCC_WARN_ABOUT_RETURN_TYPE = YES_ERROR;
				GCC_WARN_UNDECLARED_SELECTOR = YES;
				GCC_WARN_UNINITIALIZED_AUTOS = YES_AGGRESSIVE;
				GCC_WARN_UNUSED_FUNCTION = YES;
				GCC_WARN_UNUSED_VARIABLE = YES;
				IPHONEOS_DEPLOYMENT_TARGET = 10.0;
				MTL_ENABLE_DEBUG_INFO = YES;
				ONLY_ACTIVE_ARCH = YES;
				SDKROOT = iphoneos;
				SWIFT_ACTIVE_COMPILATION_CONDITIONS = DEBUG;
				SWIFT_OPTIMIZATION_LEVEL = "-Onone";
				TARGETED_DEVICE_FAMILY = "1,2";
			};
			name = Debug;
		};
		2AC713F11DBF08D800756E2B /* Release */ = {
			isa = XCBuildConfiguration;
			buildSettings = {
				ALWAYS_SEARCH_USER_PATHS = NO;
				CLANG_ANALYZER_NONNULL = YES;
				CLANG_CXX_LANGUAGE_STANDARD = "gnu++0x";
				CLANG_CXX_LIBRARY = "libc++";
				CLANG_ENABLE_MODULES = YES;
				CLANG_ENABLE_OBJC_ARC = YES;
				CLANG_WARN_BOOL_CONVERSION = YES;
				CLANG_WARN_CONSTANT_CONVERSION = YES;
				CLANG_WARN_DIRECT_OBJC_ISA_USAGE = YES_ERROR;
				CLANG_WARN_DOCUMENTATION_COMMENTS = YES;
				CLANG_WARN_EMPTY_BODY = YES;
				CLANG_WARN_ENUM_CONVERSION = YES;
				CLANG_WARN_INFINITE_RECURSION = YES;
				CLANG_WARN_INT_CONVERSION = YES;
				CLANG_WARN_OBJC_ROOT_CLASS = YES_ERROR;
				CLANG_WARN_SUSPICIOUS_MOVES = YES;
				CLANG_WARN_UNREACHABLE_CODE = YES;
				CLANG_WARN__DUPLICATE_METHOD_MATCH = YES;
				"CODE_SIGN_IDENTITY[sdk=iphoneos*]" = "iPhone Developer";
				COPY_PHASE_STRIP = NO;
				DEBUG_INFORMATION_FORMAT = "dwarf-with-dsym";
				ENABLE_NS_ASSERTIONS = NO;
				ENABLE_STRICT_OBJC_MSGSEND = YES;
				GCC_C_LANGUAGE_STANDARD = gnu99;
				GCC_NO_COMMON_BLOCKS = YES;
				GCC_WARN_64_TO_32_BIT_CONVERSION = YES;
				GCC_WARN_ABOUT_RETURN_TYPE = YES_ERROR;
				GCC_WARN_UNDECLARED_SELECTOR = YES;
				GCC_WARN_UNINITIALIZED_AUTOS = YES_AGGRESSIVE;
				GCC_WARN_UNUSED_FUNCTION = YES;
				GCC_WARN_UNUSED_VARIABLE = YES;
				IPHONEOS_DEPLOYMENT_TARGET = 10.0;
				MTL_ENABLE_DEBUG_INFO = NO;
				SDKROOT = iphoneos;
				SWIFT_OPTIMIZATION_LEVEL = "-Owholemodule";
				TARGETED_DEVICE_FAMILY = "1,2";
				VALIDATE_PRODUCT = YES;
			};
			name = Release;
		};
		2AC713F31DBF08D800756E2B /* Debug */ = {
			isa = XCBuildConfiguration;
			buildSettings = {
				ASSETCATALOG_COMPILER_APPICON_NAME = AppIcon;
				INFOPLIST_FILE = TropicsTrail/Info.plist;
				LD_RUNPATH_SEARCH_PATHS = "$(inherited) @executable_path/Frameworks";
				PRODUCT_BUNDLE_IDENTIFIER = com.EmilyCarey.TropicsTrail;
				PRODUCT_NAME = "$(TARGET_NAME)";
				SWIFT_VERSION = 3.0;
			};
			name = Debug;
		};
		2AC713F41DBF08D800756E2B /* Release */ = {
			isa = XCBuildConfiguration;
			buildSettings = {
				ASSETCATALOG_COMPILER_APPICON_NAME = AppIcon;
				INFOPLIST_FILE = TropicsTrail/Info.plist;
				LD_RUNPATH_SEARCH_PATHS = "$(inherited) @executable_path/Frameworks";
				PRODUCT_BUNDLE_IDENTIFIER = com.EmilyCarey.TropicsTrail;
				PRODUCT_NAME = "$(TARGET_NAME)";
				SWIFT_VERSION = 3.0;
			};
			name = Release;
		};
/* End XCBuildConfiguration section */

/* Begin XCConfigurationList section */
		2AC713DB1DBF08D800756E2B /* Build configuration list for PBXProject "TropicsTrail" */ = {
			isa = XCConfigurationList;
			buildConfigurations = (
				2AC713F01DBF08D800756E2B /* Debug */,
				2AC713F11DBF08D800756E2B /* Release */,
			);
			defaultConfigurationIsVisible = 0;
			defaultConfigurationName = Release;
		};
		2AC713F21DBF08D800756E2B /* Build configuration list for PBXNativeTarget "TropicsTrail" */ = {
			isa = XCConfigurationList;
			buildConfigurations = (
				2AC713F31DBF08D800756E2B /* Debug */,
				2AC713F41DBF08D800756E2B /* Release */,
			);
			defaultConfigurationIsVisible = 0;
			defaultConfigurationName = Release;
		};
/* End XCConfigurationList section */
	};
	rootObject = 2AC713D81DBF08D800756E2B /* Project object */;
}
