// !$*UTF8*$!
{
	archiveVersion = 1;
	classes = {
	};
	objectVersion = 46;
	objects = {

/* Begin PBXBuildFile section */
		2A8A66AD1DA9AECA0071B4DD /* ProductTableViewController.swift in Sources */ = {isa = PBXBuildFile; fileRef = 2A8A66AC1DA9AECA0071B4DD /* ProductTableViewController.swift */; };
		2ABC16BA1DA4A58900159F31 /* AppDelegate.swift in Sources */ = {isa = PBXBuildFile; fileRef = 2ABC16B91DA4A58900159F31 /* AppDelegate.swift */; };
		2ABC16BF1DA4A58900159F31 /* Main.storyboard in Resources */ = {isa = PBXBuildFile; fileRef = 2ABC16BD1DA4A58900159F31 /* Main.storyboard */; };
		2ABC16C11DA4A58900159F31 /* Assets.xcassets in Resources */ = {isa = PBXBuildFile; fileRef = 2ABC16C01DA4A58900159F31 /* Assets.xcassets */; };
		2ABC16C41DA4A58900159F31 /* LaunchScreen.storyboard in Resources */ = {isa = PBXBuildFile; fileRef = 2ABC16C21DA4A58900159F31 /* LaunchScreen.storyboard */; };
		2ABC16CF1DA4A58900159F31 /* TestingTests.swift in Sources */ = {isa = PBXBuildFile; fileRef = 2ABC16CE1DA4A58900159F31 /* TestingTests.swift */; };
		2ABC16DA1DA4A58900159F31 /* TestingUITests.swift in Sources */ = {isa = PBXBuildFile; fileRef = 2ABC16D91DA4A58900159F31 /* TestingUITests.swift */; };
		2ABC16E81DA7393600159F31 /* ProductViewController.swift in Sources */ = {isa = PBXBuildFile; fileRef = 2ABC16E71DA7393600159F31 /* ProductViewController.swift */; };
		2AC00ABE1DA74DAF0043F575 /* ContactViewController.swift in Sources */ = {isa = PBXBuildFile; fileRef = 2AC00ABD1DA74DAF0043F575 /* ContactViewController.swift */; };
/* End PBXBuildFile section */

/* Begin PBXContainerItemProxy section */
		2ABC16CB1DA4A58900159F31 /* PBXContainerItemProxy */ = {
			isa = PBXContainerItemProxy;
			containerPortal = 2ABC16AE1DA4A58900159F31 /* Project object */;
			proxyType = 1;
			remoteGlobalIDString = 2ABC16B51DA4A58900159F31;
			remoteInfo = Testing;
		};
		2ABC16D61DA4A58900159F31 /* PBXContainerItemProxy */ = {
			isa = PBXContainerItemProxy;
			containerPortal = 2ABC16AE1DA4A58900159F31 /* Project object */;
			proxyType = 1;
			remoteGlobalIDString = 2ABC16B51DA4A58900159F31;
			remoteInfo = Testing;
		};
/* End PBXContainerItemProxy section */

/* Begin PBXFileReference section */
		2A8A66AC1DA9AECA0071B4DD /* ProductTableViewController.swift */ = {isa = PBXFileReference; fileEncoding = 4; lastKnownFileType = sourcecode.swift; path = ProductTableViewController.swift; sourceTree = "<group>"; };
		2ABC16B61DA4A58900159F31 /* Testing.app */ = {isa = PBXFileReference; explicitFileType = wrapper.application; includeInIndex = 0; path = Testing.app; sourceTree = BUILT_PRODUCTS_DIR; };
		2ABC16B91DA4A58900159F31 /* AppDelegate.swift */ = {isa = PBXFileReference; lastKnownFileType = sourcecode.swift; path = AppDelegate.swift; sourceTree = "<group>"; };
		2ABC16BE1DA4A58900159F31 /* Base */ = {isa = PBXFileReference; lastKnownFileType = file.storyboard; name = Base; path = Base.lproj/Main.storyboard; sourceTree = "<group>"; };
		2ABC16C01DA4A58900159F31 /* Assets.xcassets */ = {isa = PBXFileReference; lastKnownFileType = folder.assetcatalog; path = Assets.xcassets; sourceTree = "<group>"; };
		2ABC16C31DA4A58900159F31 /* Base */ = {isa = PBXFileReference; lastKnownFileType = file.storyboard; name = Base; path = Base.lproj/LaunchScreen.storyboard; sourceTree = "<group>"; };
		2ABC16C51DA4A58900159F31 /* Info.plist */ = {isa = PBXFileReference; lastKnownFileType = text.plist.xml; path = Info.plist; sourceTree = "<group>"; };
		2ABC16CA1DA4A58900159F31 /* TestingTests.xctest */ = {isa = PBXFileReference; explicitFileType = wrapper.cfbundle; includeInIndex = 0; path = TestingTests.xctest; sourceTree = BUILT_PRODUCTS_DIR; };
		2ABC16CE1DA4A58900159F31 /* TestingTests.swift */ = {isa = PBXFileReference; lastKnownFileType = sourcecode.swift; path = TestingTests.swift; sourceTree = "<group>"; };
		2ABC16D01DA4A58900159F31 /* Info.plist */ = {isa = PBXFileReference; lastKnownFileType = text.plist.xml; path = Info.plist; sourceTree = "<group>"; };
		2ABC16D51DA4A58900159F31 /* TestingUITests.xctest */ = {isa = PBXFileReference; explicitFileType = wrapper.cfbundle; includeInIndex = 0; path = TestingUITests.xctest; sourceTree = BUILT_PRODUCTS_DIR; };
		2ABC16D91DA4A58900159F31 /* TestingUITests.swift */ = {isa = PBXFileReference; lastKnownFileType = sourcecode.swift; path = TestingUITests.swift; sourceTree = "<group>"; };
		2ABC16DB1DA4A58900159F31 /* Info.plist */ = {isa = PBXFileReference; lastKnownFileType = text.plist.xml; path = Info.plist; sourceTree = "<group>"; };
		2ABC16E71DA7393600159F31 /* ProductViewController.swift */ = {isa = PBXFileReference; fileEncoding = 4; lastKnownFileType = sourcecode.swift; path = ProductViewController.swift; sourceTree = "<group>"; };
		2AC00ABD1DA74DAF0043F575 /* ContactViewController.swift */ = {isa = PBXFileReference; fileEncoding = 4; lastKnownFileType = sourcecode.swift; path = ContactViewController.swift; sourceTree = "<group>"; };
/* End PBXFileReference section */

/* Begin PBXFrameworksBuildPhase section */
		2ABC16B31DA4A58900159F31 /* Frameworks */ = {
			isa = PBXFrameworksBuildPhase;
			buildActionMask = 2147483647;
			files = (
			);
			runOnlyForDeploymentPostprocessing = 0;
		};
		2ABC16C71DA4A58900159F31 /* Frameworks */ = {
			isa = PBXFrameworksBuildPhase;
			buildActionMask = 2147483647;
			files = (
			);
			runOnlyForDeploymentPostprocessing = 0;
		};
		2ABC16D21DA4A58900159F31 /* Frameworks */ = {
			isa = PBXFrameworksBuildPhase;
			buildActionMask = 2147483647;
			files = (
			);
			runOnlyForDeploymentPostprocessing = 0;
		};
/* End PBXFrameworksBuildPhase section */

/* Begin PBXGroup section */
		2ABC16AD1DA4A58900159F31 = {
			isa = PBXGroup;
			children = (
				2ABC16B81DA4A58900159F31 /* Testing */,
				2ABC16CD1DA4A58900159F31 /* TestingTests */,
				2ABC16D81DA4A58900159F31 /* TestingUITests */,
				2ABC16B71DA4A58900159F31 /* Products */,
			);
			sourceTree = "<group>";
		};
		2ABC16B71DA4A58900159F31 /* Products */ = {
			isa = PBXGroup;
			children = (
				2ABC16B61DA4A58900159F31 /* Testing.app */,
				2ABC16CA1DA4A58900159F31 /* TestingTests.xctest */,
				2ABC16D51DA4A58900159F31 /* TestingUITests.xctest */,
			);
			name = Products;
			sourceTree = "<group>";
		};
		2ABC16B81DA4A58900159F31 /* Testing */ = {
			isa = PBXGroup;
			children = (
				2ABC16B91DA4A58900159F31 /* AppDelegate.swift */,
				2ABC16BD1DA4A58900159F31 /* Main.storyboard */,
				2ABC16C01DA4A58900159F31 /* Assets.xcassets */,
				2ABC16C21DA4A58900159F31 /* LaunchScreen.storyboard */,
				2ABC16C51DA4A58900159F31 /* Info.plist */,
				2ABC16E71DA7393600159F31 /* ProductViewController.swift */,
				2AC00ABD1DA74DAF0043F575 /* ContactViewController.swift */,
				2A8A66AC1DA9AECA0071B4DD /* ProductTableViewController.swift */,
			);
			path = Testing;
			sourceTree = "<group>";
		};
		2ABC16CD1DA4A58900159F31 /* TestingTests */ = {
			isa = PBXGroup;
			children = (
				2ABC16CE1DA4A58900159F31 /* TestingTests.swift */,
				2ABC16D01DA4A58900159F31 /* Info.plist */,
			);
			path = TestingTests;
			sourceTree = "<group>";
		};
		2ABC16D81DA4A58900159F31 /* TestingUITests */ = {
			isa = PBXGroup;
			children = (
				2ABC16D91DA4A58900159F31 /* TestingUITests.swift */,
				2ABC16DB1DA4A58900159F31 /* Info.plist */,
			);
			path = TestingUITests;
			sourceTree = "<group>";
		};
/* End PBXGroup section */

/* Begin PBXNativeTarget section */
		2ABC16B51DA4A58900159F31 /* Testing */ = {
			isa = PBXNativeTarget;
			buildConfigurationList = 2ABC16DE1DA4A58900159F31 /* Build configuration list for PBXNativeTarget "Testing" */;
			buildPhases = (
				2ABC16B21DA4A58900159F31 /* Sources */,
				2ABC16B31DA4A58900159F31 /* Frameworks */,
				2ABC16B41DA4A58900159F31 /* Resources */,
			);
			buildRules = (
			);
			dependencies = (
			);
			name = Testing;
			productName = Testing;
			productReference = 2ABC16B61DA4A58900159F31 /* Testing.app */;
			productType = "com.apple.product-type.application";
		};
		2ABC16C91DA4A58900159F31 /* TestingTests */ = {
			isa = PBXNativeTarget;
			buildConfigurationList = 2ABC16E11DA4A58900159F31 /* Build configuration list for PBXNativeTarget "TestingTests" */;
			buildPhases = (
				2ABC16C61DA4A58900159F31 /* Sources */,
				2ABC16C71DA4A58900159F31 /* Frameworks */,
				2ABC16C81DA4A58900159F31 /* Resources */,
			);
			buildRules = (
			);
			dependencies = (
				2ABC16CC1DA4A58900159F31 /* PBXTargetDependency */,
			);
			name = TestingTests;
			productName = TestingTests;
			productReference = 2ABC16CA1DA4A58900159F31 /* TestingTests.xctest */;
			productType = "com.apple.product-type.bundle.unit-test";
		};
		2ABC16D41DA4A58900159F31 /* TestingUITests */ = {
			isa = PBXNativeTarget;
			buildConfigurationList = 2ABC16E41DA4A58900159F31 /* Build configuration list for PBXNativeTarget "TestingUITests" */;
			buildPhases = (
				2ABC16D11DA4A58900159F31 /* Sources */,
				2ABC16D21DA4A58900159F31 /* Frameworks */,
				2ABC16D31DA4A58900159F31 /* Resources */,
			);
			buildRules = (
			);
			dependencies = (
				2ABC16D71DA4A58900159F31 /* PBXTargetDependency */,
			);
			name = TestingUITests;
			productName = TestingUITests;
			productReference = 2ABC16D51DA4A58900159F31 /* TestingUITests.xctest */;
			productType = "com.apple.product-type.bundle.ui-testing";
		};
/* End PBXNativeTarget section */

/* Begin PBXProject section */
		2ABC16AE1DA4A58900159F31 /* Project object */ = {
			isa = PBXProject;
			attributes = {
				LastSwiftUpdateCheck = 0730;
				LastUpgradeCheck = 0730;
				ORGANIZATIONNAME = "Emily Carey";
				TargetAttributes = {
					2ABC16B51DA4A58900159F31 = {
						CreatedOnToolsVersion = 7.3;
					};
					2ABC16C91DA4A58900159F31 = {
						CreatedOnToolsVersion = 7.3;
						TestTargetID = 2ABC16B51DA4A58900159F31;
					};
					2ABC16D41DA4A58900159F31 = {
						CreatedOnToolsVersion = 7.3;
						TestTargetID = 2ABC16B51DA4A58900159F31;
					};
				};
			};
			buildConfigurationList = 2ABC16B11DA4A58900159F31 /* Build configuration list for PBXProject "Testing" */;
			compatibilityVersion = "Xcode 3.2";
			developmentRegion = English;
			hasScannedForEncodings = 0;
			knownRegions = (
				en,
				Base,
			);
			mainGroup = 2ABC16AD1DA4A58900159F31;
			productRefGroup = 2ABC16B71DA4A58900159F31 /* Products */;
			projectDirPath = "";
			projectRoot = "";
			targets = (
				2ABC16B51DA4A58900159F31 /* Testing */,
				2ABC16C91DA4A58900159F31 /* TestingTests */,
				2ABC16D41DA4A58900159F31 /* TestingUITests */,
			);
		};
/* End PBXProject section */

/* Begin PBXResourcesBuildPhase section */
		2ABC16B41DA4A58900159F31 /* Resources */ = {
			isa = PBXResourcesBuildPhase;
			buildActionMask = 2147483647;
			files = (
				2ABC16C41DA4A58900159F31 /* LaunchScreen.storyboard in Resources */,
				2ABC16C11DA4A58900159F31 /* Assets.xcassets in Resources */,
				2ABC16BF1DA4A58900159F31 /* Main.storyboard in Resources */,
			);
			runOnlyForDeploymentPostprocessing = 0;
		};
		2ABC16C81DA4A58900159F31 /* Resources */ = {
			isa = PBXResourcesBuildPhase;
			buildActionMask = 2147483647;
			files = (
			);
			runOnlyForDeploymentPostprocessing = 0;
		};
		2ABC16D31DA4A58900159F31 /* Resources */ = {
			isa = PBXResourcesBuildPhase;
			buildActionMask = 2147483647;
			files = (
			);
			runOnlyForDeploymentPostprocessing = 0;
		};
/* End PBXResourcesBuildPhase section */

/* Begin PBXSourcesBuildPhase section */
		2ABC16B21DA4A58900159F31 /* Sources */ = {
			isa = PBXSourcesBuildPhase;
			buildActionMask = 2147483647;
			files = (
				2ABC16E81DA7393600159F31 /* ProductViewController.swift in Sources */,
				2ABC16BA1DA4A58900159F31 /* AppDelegate.swift in Sources */,
				2A8A66AD1DA9AECA0071B4DD /* ProductTableViewController.swift in Sources */,
				2AC00ABE1DA74DAF0043F575 /* ContactViewController.swift in Sources */,
			);
			runOnlyForDeploymentPostprocessing = 0;
		};
		2ABC16C61DA4A58900159F31 /* Sources */ = {
			isa = PBXSourcesBuildPhase;
			buildActionMask = 2147483647;
			files = (
				2ABC16CF1DA4A58900159F31 /* TestingTests.swift in Sources */,
			);
			runOnlyForDeploymentPostprocessing = 0;
		};
		2ABC16D11DA4A58900159F31 /* Sources */ = {
			isa = PBXSourcesBuildPhase;
			buildActionMask = 2147483647;
			files = (
				2ABC16DA1DA4A58900159F31 /* TestingUITests.swift in Sources */,
			);
			runOnlyForDeploymentPostprocessing = 0;
		};
/* End PBXSourcesBuildPhase section */

/* Begin PBXTargetDependency section */
		2ABC16CC1DA4A58900159F31 /* PBXTargetDependency */ = {
			isa = PBXTargetDependency;
			target = 2ABC16B51DA4A58900159F31 /* Testing */;
			targetProxy = 2ABC16CB1DA4A58900159F31 /* PBXContainerItemProxy */;
		};
		2ABC16D71DA4A58900159F31 /* PBXTargetDependency */ = {
			isa = PBXTargetDependency;
			target = 2ABC16B51DA4A58900159F31 /* Testing */;
			targetProxy = 2ABC16D61DA4A58900159F31 /* PBXContainerItemProxy */;
		};
/* End PBXTargetDependency section */

/* Begin PBXVariantGroup section */
		2ABC16BD1DA4A58900159F31 /* Main.storyboard */ = {
			isa = PBXVariantGroup;
			children = (
				2ABC16BE1DA4A58900159F31 /* Base */,
			);
			name = Main.storyboard;
			sourceTree = "<group>";
		};
		2ABC16C21DA4A58900159F31 /* LaunchScreen.storyboard */ = {
			isa = PBXVariantGroup;
			children = (
				2ABC16C31DA4A58900159F31 /* Base */,
			);
			name = LaunchScreen.storyboard;
			sourceTree = "<group>";
		};
/* End PBXVariantGroup section */

/* Begin XCBuildConfiguration section */
		2ABC16DC1DA4A58900159F31 /* Debug */ = {
			isa = XCBuildConfiguration;
			buildSettings = {
				ALWAYS_SEARCH_USER_PATHS = NO;
				CLANG_ANALYZER_NONNULL = YES;
				CLANG_CXX_LANGUAGE_STANDARD = "gnu++0x";
				CLANG_CXX_LIBRARY = "libc++";
				CLANG_ENABLE_MODULES = YES;
				CLANG_ENABLE_OBJC_ARC = YES;
				CLANG_WARN_BOOL_CONVERSION = YES;
				CLANG_WARN_CONSTANT_CONVERSION = YES;
				CLANG_WARN_DIRECT_OBJC_ISA_USAGE = YES_ERROR;
				CLANG_WARN_EMPTY_BODY = YES;
				CLANG_WARN_ENUM_CONVERSION = YES;
				CLANG_WARN_INT_CONVERSION = YES;
				CLANG_WARN_OBJC_ROOT_CLASS = YES_ERROR;
				CLANG_WARN_UNREACHABLE_CODE = YES;
				CLANG_WARN__DUPLICATE_METHOD_MATCH = YES;
				"CODE_SIGN_IDENTITY[sdk=iphoneos*]" = "iPhone Developer";
				COPY_PHASE_STRIP = NO;
				DEBUG_INFORMATION_FORMAT = dwarf;
				ENABLE_STRICT_OBJC_MSGSEND = YES;
				ENABLE_TESTABILITY = YES;
				GCC_C_LANGUAGE_STANDARD = gnu99;
				GCC_DYNAMIC_NO_PIC = NO;
				GCC_NO_COMMON_BLOCKS = YES;
				GCC_OPTIMIZATION_LEVEL = 0;
				GCC_PREPROCESSOR_DEFINITIONS = (
					"DEBUG=1",
					"$(inherited)",
				);
				GCC_WARN_64_TO_32_BIT_CONVERSION = YES;
				GCC_WARN_ABOUT_RETURN_TYPE = YES_ERROR;
				GCC_WARN_UNDECLARED_SELECTOR = YES;
				GCC_WARN_UNINITIALIZED_AUTOS = YES_AGGRESSIVE;
				GCC_WARN_UNUSED_FUNCTION = YES;
				GCC_WARN_UNUSED_VARIABLE = YES;
				IPHONEOS_DEPLOYMENT_TARGET = 9.3;
				MTL_ENABLE_DEBUG_INFO = YES;
				ONLY_ACTIVE_ARCH = YES;
				SDKROOT = iphoneos;
				SWIFT_OPTIMIZATION_LEVEL = "-Onone";
			};
			name = Debug;
		};
		2ABC16DD1DA4A58900159F31 /* Release */ = {
			isa = XCBuildConfiguration;
			buildSettings = {
				ALWAYS_SEARCH_USER_PATHS = NO;
				CLANG_ANALYZER_NONNULL = YES;
				CLANG_CXX_LANGUAGE_STANDARD = "gnu++0x";
				CLANG_CXX_LIBRARY = "libc++";
				CLANG_ENABLE_MODULES = YES;
				CLANG_ENABLE_OBJC_ARC = YES;
				CLANG_WARN_BOOL_CONVERSION = YES;
				CLANG_WARN_CONSTANT_CONVERSION = YES;
				CLANG_WARN_DIRECT_OBJC_ISA_USAGE = YES_ERROR;
				CLANG_WARN_EMPTY_BODY = YES;
				CLANG_WARN_ENUM_CONVERSION = YES;
				CLANG_WARN_INT_CONVERSION = YES;
				CLANG_WARN_OBJC_ROOT_CLASS = YES_ERROR;
				CLANG_WARN_UNREACHABLE_CODE = YES;
				CLANG_WARN__DUPLICATE_METHOD_MATCH = YES;
				"CODE_SIGN_IDENTITY[sdk=iphoneos*]" = "iPhone Developer";
				COPY_PHASE_STRIP = NO;
				DEBUG_INFORMATION_FORMAT = "dwarf-with-dsym";
				ENABLE_NS_ASSERTIONS = NO;
				ENABLE_STRICT_OBJC_MSGSEND = YES;
				GCC_C_LANGUAGE_STANDARD = gnu99;
				GCC_NO_COMMON_BLOCKS = YES;
				GCC_WARN_64_TO_32_BIT_CONVERSION = YES;
				GCC_WARN_ABOUT_RETURN_TYPE = YES_ERROR;
				GCC_WARN_UNDECLARED_SELECTOR = YES;
				GCC_WARN_UNINITIALIZED_AUTOS = YES_AGGRESSIVE;
				GCC_WARN_UNUSED_FUNCTION = YES;
				GCC_WARN_UNUSED_VARIABLE = YES;
				IPHONEOS_DEPLOYMENT_TARGET = 9.3;
				MTL_ENABLE_DEBUG_INFO = NO;
				SDKROOT = iphoneos;
				VALIDATE_PRODUCT = YES;
			};
			name = Release;
		};
		2ABC16DF1DA4A58900159F31 /* Debug */ = {
			isa = XCBuildConfiguration;
			buildSettings = {
				ASSETCATALOG_COMPILER_APPICON_NAME = AppIcon;
				INFOPLIST_FILE = Testing/Info.plist;
				LD_RUNPATH_SEARCH_PATHS = "$(inherited) @executable_path/Frameworks";
				PRODUCT_BUNDLE_IDENTIFIER = com.EmilyCarey.Testing;
				PRODUCT_NAME = "$(TARGET_NAME)";
			};
			name = Debug;
		};
		2ABC16E01DA4A58900159F31 /* Release */ = {
			isa = XCBuildConfiguration;
			buildSettings = {
				ASSETCATALOG_COMPILER_APPICON_NAME = AppIcon;
				INFOPLIST_FILE = Testing/Info.plist;
				LD_RUNPATH_SEARCH_PATHS = "$(inherited) @executable_path/Frameworks";
				PRODUCT_BUNDLE_IDENTIFIER = com.EmilyCarey.Testing;
				PRODUCT_NAME = "$(TARGET_NAME)";
			};
			name = Release;
		};
		2ABC16E21DA4A58900159F31 /* Debug */ = {
			isa = XCBuildConfiguration;
			buildSettings = {
				BUNDLE_LOADER = "$(TEST_HOST)";
				INFOPLIST_FILE = TestingTests/Info.plist;
				LD_RUNPATH_SEARCH_PATHS = "$(inherited) @executable_path/Frameworks @loader_path/Frameworks";
				PRODUCT_BUNDLE_IDENTIFIER = com.EmilyCarey.TestingTests;
				PRODUCT_NAME = "$(TARGET_NAME)";
				TEST_HOST = "$(BUILT_PRODUCTS_DIR)/Testing.app/Testing";
			};
			name = Debug;
		};
		2ABC16E31DA4A58900159F31 /* Release */ = {
			isa = XCBuildConfiguration;
			buildSettings = {
				BUNDLE_LOADER = "$(TEST_HOST)";
				INFOPLIST_FILE = TestingTests/Info.plist;
				LD_RUNPATH_SEARCH_PATHS = "$(inherited) @executable_path/Frameworks @loader_path/Frameworks";
				PRODUCT_BUNDLE_IDENTIFIER = com.EmilyCarey.TestingTests;
				PRODUCT_NAME = "$(TARGET_NAME)";
				TEST_HOST = "$(BUILT_PRODUCTS_DIR)/Testing.app/Testing";
			};
			name = Release;
		};
		2ABC16E51DA4A58900159F31 /* Debug */ = {
			isa = XCBuildConfiguration;
			buildSettings = {
				INFOPLIST_FILE = TestingUITests/Info.plist;
				LD_RUNPATH_SEARCH_PATHS = "$(inherited) @executable_path/Frameworks @loader_path/Frameworks";
				PRODUCT_BUNDLE_IDENTIFIER = com.EmilyCarey.TestingUITests;
				PRODUCT_NAME = "$(TARGET_NAME)";
				TEST_TARGET_NAME = Testing;
			};
			name = Debug;
		};
		2ABC16E61DA4A58900159F31 /* Release */ = {
			isa = XCBuildConfiguration;
			buildSettings = {
				INFOPLIST_FILE = TestingUITests/Info.plist;
				LD_RUNPATH_SEARCH_PATHS = "$(inherited) @executable_path/Frameworks @loader_path/Frameworks";
				PRODUCT_BUNDLE_IDENTIFIER = com.EmilyCarey.TestingUITests;
				PRODUCT_NAME = "$(TARGET_NAME)";
				TEST_TARGET_NAME = Testing;
			};
			name = Release;
		};
/* End XCBuildConfiguration section */

/* Begin XCConfigurationList section */
		2ABC16B11DA4A58900159F31 /* Build configuration list for PBXProject "Testing" */ = {
			isa = XCConfigurationList;
			buildConfigurations = (
				2ABC16DC1DA4A58900159F31 /* Debug */,
				2ABC16DD1DA4A58900159F31 /* Release */,
			);
			defaultConfigurationIsVisible = 0;
			defaultConfigurationName = Release;
		};
		2ABC16DE1DA4A58900159F31 /* Build configuration list for PBXNativeTarget "Testing" */ = {
			isa = XCConfigurationList;
			buildConfigurations = (
				2ABC16DF1DA4A58900159F31 /* Debug */,
				2ABC16E01DA4A58900159F31 /* Release */,
			);
			defaultConfigurationIsVisible = 0;
			defaultConfigurationName = Release;
		};
		2ABC16E11DA4A58900159F31 /* Build configuration list for PBXNativeTarget "TestingTests" */ = {
			isa = XCConfigurationList;
			buildConfigurations = (
				2ABC16E21DA4A58900159F31 /* Debug */,
				2ABC16E31DA4A58900159F31 /* Release */,
			);
			defaultConfigurationIsVisible = 0;
			defaultConfigurationName = Release;
		};
		2ABC16E41DA4A58900159F31 /* Build configuration list for PBXNativeTarget "TestingUITests" */ = {
			isa = XCConfigurationList;
			buildConfigurations = (
				2ABC16E51DA4A58900159F31 /* Debug */,
				2ABC16E61DA4A58900159F31 /* Release */,
			);
			defaultConfigurationIsVisible = 0;
			defaultConfigurationName = Release;
		};
/* End XCConfigurationList section */
	};
	rootObject = 2ABC16AE1DA4A58900159F31 /* Project object */;
}
